// !$*UTF8*$!
{
	archiveVersion = 1;
	classes = {
	};
	objectVersion = 46;
	objects = {

/* Begin PBXBuildFile section */
		F9C147031D1DF8E00054F2D1 /* AppDelegate.swift in Sources */ = {isa = PBXBuildFile; fileRef = F9C147021D1DF8E00054F2D1 /* AppDelegate.swift */; };
		F9C147051D1DF8E00054F2D1 /* ViewController.swift in Sources */ = {isa = PBXBuildFile; fileRef = F9C147041D1DF8E00054F2D1 /* ViewController.swift */; };
		F9C147081D1DF8E00054F2D1 /* Main.storyboard in Resources */ = {isa = PBXBuildFile; fileRef = F9C147061D1DF8E00054F2D1 /* Main.storyboard */; };
		F9C1470A1D1DF8E10054F2D1 /* Assets.xcassets in Resources */ = {isa = PBXBuildFile; fileRef = F9C147091D1DF8E10054F2D1 /* Assets.xcassets */; };
		F9C1470D1D1DF8E10054F2D1 /* LaunchScreen.storyboard in Resources */ = {isa = PBXBuildFile; fileRef = F9C1470B1D1DF8E10054F2D1 /* LaunchScreen.storyboard */; };
		F9C147151D1ECDF80054F2D1 /* Player.swift in Sources */ = {isa = PBXBuildFile; fileRef = F9C147141D1ECDF80054F2D1 /* Player.swift */; };
/* End PBXBuildFile section */

/* Begin PBXFileReference section */
		F9C146FF1D1DF8E00054F2D1 /* ios-two-player-fighter.app */ = {isa = PBXFileReference; explicitFileType = wrapper.application; includeInIndex = 0; path = "ios-two-player-fighter.app"; sourceTree = BUILT_PRODUCTS_DIR; };
		F9C147021D1DF8E00054F2D1 /* AppDelegate.swift */ = {isa = PBXFileReference; lastKnownFileType = sourcecode.swift; path = AppDelegate.swift; sourceTree = "<group>"; };
		F9C147041D1DF8E00054F2D1 /* ViewController.swift */ = {isa = PBXFileReference; lastKnownFileType = sourcecode.swift; path = ViewController.swift; sourceTree = "<group>"; };
		F9C147071D1DF8E00054F2D1 /* Base */ = {isa = PBXFileReference; lastKnownFileType = file.storyboard; name = Base; path = Base.lproj/Main.storyboard; sourceTree = "<group>"; };
		F9C147091D1DF8E10054F2D1 /* Assets.xcassets */ = {isa = PBXFileReference; lastKnownFileType = folder.assetcatalog; path = Assets.xcassets; sourceTree = "<group>"; };
		F9C1470C1D1DF8E10054F2D1 /* Base */ = {isa = PBXFileReference; lastKnownFileType = file.storyboard; name = Base; path = Base.lproj/LaunchScreen.storyboard; sourceTree = "<group>"; };
		F9C1470E1D1DF8E10054F2D1 /* Info.plist */ = {isa = PBXFileReference; lastKnownFileType = text.plist.xml; path = Info.plist; sourceTree = "<group>"; };
		F9C147141D1ECDF80054F2D1 /* Player.swift */ = {isa = PBXFileReference; fileEncoding = 4; lastKnownFileType = sourcecode.swift; path = Player.swift; sourceTree = "<group>"; };
/* End PBXFileReference section */

/* Begin PBXFrameworksBuildPhase section */
		F9C146FC1D1DF8E00054F2D1 /* Frameworks */ = {
			isa = PBXFrameworksBuildPhase;
			buildActionMask = 2147483647;
			files = (
			);
			runOnlyForDeploymentPostprocessing = 0;
		};
/* End PBXFrameworksBuildPhase section */

/* Begin PBXGroup section */
		F9C146F61D1DF8E00054F2D1 = {
			isa = PBXGroup;
			children = (
				F9C147011D1DF8E00054F2D1 /* ios-two-player-fighter */,
				F9C147001D1DF8E00054F2D1 /* Products */,
			);
			sourceTree = "<group>";
		};
		F9C147001D1DF8E00054F2D1 /* Products */ = {
			isa = PBXGroup;
			children = (
				F9C146FF1D1DF8E00054F2D1 /* ios-two-player-fighter.app */,
			);
			name = Products;
			sourceTree = "<group>";
		};
		F9C147011D1DF8E00054F2D1 /* ios-two-player-fighter */ = {
			isa = PBXGroup;
			children = (
				F9C147021D1DF8E00054F2D1 /* AppDelegate.swift */,
				F9C147041D1DF8E00054F2D1 /* ViewController.swift */,
				F9C147061D1DF8E00054F2D1 /* Main.storyboard */,
				F9C147091D1DF8E10054F2D1 /* Assets.xcassets */,
				F9C1470B1D1DF8E10054F2D1 /* LaunchScreen.storyboard */,
				F9C1470E1D1DF8E10054F2D1 /* Info.plist */,
				F9C147141D1ECDF80054F2D1 /* Player.swift */,
			);
			path = "ios-two-player-fighter";
			sourceTree = "<group>";
		};
/* End PBXGroup section */

/* Begin PBXNativeTarget section */
		F9C146FE1D1DF8E00054F2D1 /* ios-two-player-fighter */ = {
			isa = PBXNativeTarget;
			buildConfigurationList = F9C147111D1DF8E10054F2D1 /* Build configuration list for PBXNativeTarget "ios-two-player-fighter" */;
			buildPhases = (
				F9C146FB1D1DF8E00054F2D1 /* Sources */,
				F9C146FC1D1DF8E00054F2D1 /* Frameworks */,
				F9C146FD1D1DF8E00054F2D1 /* Resources */,
			);
			buildRules = (
			);
			dependencies = (
			);
			name = "ios-two-player-fighter";
			productName = "ios-two-player-fighter";
			productReference = F9C146FF1D1DF8E00054F2D1 /* ios-two-player-fighter.app */;
			productType = "com.apple.product-type.application";
		};
/* End PBXNativeTarget section */

/* Begin PBXProject section */
		F9C146F71D1DF8E00054F2D1 /* Project object */ = {
			isa = PBXProject;
			attributes = {
				LastSwiftUpdateCheck = 0730;
				LastUpgradeCheck = 0730;
				ORGANIZATIONNAME = "Adam Goth";
				TargetAttributes = {
					F9C146FE1D1DF8E00054F2D1 = {
						CreatedOnToolsVersion = 7.3.1;
					};
				};
			};
			buildConfigurationList = F9C146FA1D1DF8E00054F2D1 /* Build configuration list for PBXProject "ios-two-player-fighter" */;
			compatibilityVersion = "Xcode 3.2";
			developmentRegion = English;
			hasScannedForEncodings = 0;
			knownRegions = (
				en,
				Base,
			);
			mainGroup = F9C146F61D1DF8E00054F2D1;
			productRefGroup = F9C147001D1DF8E00054F2D1 /* Products */;
			projectDirPath = "";
			projectRoot = "";
			targets = (
				F9C146FE1D1DF8E00054F2D1 /* ios-two-player-fighter */,
			);
		};
/* End PBXProject section */

/* Begin PBXResourcesBuildPhase section */
		F9C146FD1D1DF8E00054F2D1 /* Resources */ = {
			isa = PBXResourcesBuildPhase;
			buildActionMask = 2147483647;
			files = (
				F9C1470D1D1DF8E10054F2D1 /* LaunchScreen.storyboard in Resources */,
				F9C1470A1D1DF8E10054F2D1 /* Assets.xcassets in Resources */,
				F9C147081D1DF8E00054F2D1 /* Main.storyboard in Resources */,
			);
			runOnlyForDeploymentPostprocessing = 0;
		};
/* End PBXResourcesBuildPhase section */

/* Begin PBXSourcesBuildPhase section */
		F9C146FB1D1DF8E00054F2D1 /* Sources */ = {
			isa = PBXSourcesBuildPhase;
			buildActionMask = 2147483647;
			files = (
				F9C147051D1DF8E00054F2D1 /* ViewController.swift in Sources */,
				F9C147151D1ECDF80054F2D1 /* Player.swift in Sources */,
				F9C147031D1DF8E00054F2D1 /* AppDelegate.swift in Sources */,
			);
			runOnlyForDeploymentPostprocessing = 0;
		};
/* End PBXSourcesBuildPhase section */

/* Begin PBXVariantGroup section */
		F9C147061D1DF8E00054F2D1 /* Main.storyboard */ = {
			isa = PBXVariantGroup;
			children = (
				F9C147071D1DF8E00054F2D1 /* Base */,
			);
			name = Main.storyboard;
			sourceTree = "<group>";
		};
		F9C1470B1D1DF8E10054F2D1 /* LaunchScreen.storyboard */ = {
			isa = PBXVariantGroup;
			children = (
				F9C1470C1D1DF8E10054F2D1 /* Base */,
			);
			name = LaunchScreen.storyboard;
			sourceTree = "<group>";
		};
/* End PBXVariantGroup section */

/* Begin XCBuildConfiguration section */
		F9C1470F1D1DF8E10054F2D1 /* Debug */ = {
			isa = XCBuildConfiguration;
			buildSettings = {
				ALWAYS_SEARCH_USER_PATHS = NO;
				CLANG_ANALYZER_NONNULL = YES;
				CLANG_CXX_LANGUAGE_STANDARD = "gnu++0x";
				CLANG_CXX_LIBRARY = "libc++";
				CLANG_ENABLE_MODULES = YES;
				CLANG_ENABLE_OBJC_ARC = YES;
				CLANG_WARN_BOOL_CONVERSION = YES;
				CLANG_WARN_CONSTANT_CONVERSION = YES;
				CLANG_WARN_DIRECT_OBJC_ISA_USAGE = YES_ERROR;
				CLANG_WARN_EMPTY_BODY = YES;
				CLANG_WARN_ENUM_CONVERSION = YES;
				CLANG_WARN_INT_CONVERSION = YES;
				CLANG_WARN_OBJC_ROOT_CLASS = YES_ERROR;
				CLANG_WARN_UNREACHABLE_CODE = YES;
				CLANG_WARN__DUPLICATE_METHOD_MATCH = YES;
				"CODE_SIGN_IDENTITY[sdk=iphoneos*]" = "iPhone Developer";
				COPY_PHASE_STRIP = NO;
				DEBUG_INFORMATION_FORMAT = dwarf;
				ENABLE_STRICT_OBJC_MSGSEND = YES;
				ENABLE_TESTABILITY = YES;
				GCC_C_LANGUAGE_STANDARD = gnu99;
				GCC_DYNAMIC_NO_PIC = NO;
				GCC_NO_COMMON_BLOCKS = YES;
				GCC_OPTIMIZATION_LEVEL = 0;
				GCC_PREPROCESSOR_DEFINITIONS = (
					"DEBUG=1",
					"$(inherited)",
				);
				GCC_WARN_64_TO_32_BIT_CONVERSION = YES;
				GCC_WARN_ABOUT_RETURN_TYPE = YES_ERROR;
				GCC_WARN_UNDECLARED_SELECTOR = YES;
				GCC_WARN_UNINITIALIZED_AUTOS = YES_AGGRESSIVE;
				GCC_WARN_UNUSED_FUNCTION = YES;
				GCC_WARN_UNUSED_VARIABLE = YES;
				IPHONEOS_DEPLOYMENT_TARGET = 9.3;
				MTL_ENABLE_DEBUG_INFO = YES;
				ONLY_ACTIVE_ARCH = YES;
				SDKROOT = iphoneos;
				SWIFT_OPTIMIZATION_LEVEL = "-Onone";
				TARGETED_DEVICE_FAMILY = "1,2";
			};
			name = Debug;
		};
		F9C147101D1DF8E10054F2D1 /* Release */ = {
			isa = XCBuildConfiguration;
			buildSettings = {
				ALWAYS_SEARCH_USER_PATHS = NO;
				CLANG_ANALYZER_NONNULL = YES;
				CLANG_CXX_LANGUAGE_STANDARD = "gnu++0x";
				CLANG_CXX_LIBRARY = "libc++";
				CLANG_ENABLE_MODULES = YES;
				CLANG_ENABLE_OBJC_ARC = YES;
				CLANG_WARN_BOOL_CONVERSION = YES;
				CLANG_WARN_CONSTANT_CONVERSION = YES;
				CLANG_WARN_DIRECT_OBJC_ISA_USAGE = YES_ERROR;
				CLANG_WARN_EMPTY_BODY = YES;
				CLANG_WARN_ENUM_CONVERSION = YES;
				CLANG_WARN_INT_CONVERSION = YES;
				CLANG_WARN_OBJC_ROOT_CLASS = YES_ERROR;
				CLANG_WARN_UNREACHABLE_CODE = YES;
				CLANG_WARN__DUPLICATE_METHOD_MATCH = YES;
				"CODE_SIGN_IDENTITY[sdk=iphoneos*]" = "iPhone Developer";
				COPY_PHASE_STRIP = NO;
				DEBUG_INFORMATION_FORMAT = "dwarf-with-dsym";
				ENABLE_NS_ASSERTIONS = NO;
				ENABLE_STRICT_OBJC_MSGSEND = YES;
				GCC_C_LANGUAGE_STANDARD = gnu99;
				GCC_NO_COMMON_BLOCKS = YES;
				GCC_WARN_64_TO_32_BIT_CONVERSION = YES;
				GCC_WARN_ABOUT_RETURN_TYPE = YES_ERROR;
				GCC_WARN_UNDECLARED_SELECTOR = YES;
				GCC_WARN_UNINITIALIZED_AUTOS = YES_AGGRESSIVE;
				GCC_WARN_UNUSED_FUNCTION = YES;
				GCC_WARN_UNUSED_VARIABLE = YES;
				IPHONEOS_DEPLOYMENT_TARGET = 9.3;
				MTL_ENABLE_DEBUG_INFO = NO;
				SDKROOT = iphoneos;
				TARGETED_DEVICE_FAMILY = "1,2";
				VALIDATE_PRODUCT = YES;
			};
			name = Release;
		};
		F9C147121D1DF8E10054F2D1 /* Debug */ = {
			isa = XCBuildConfiguration;
			buildSettings = {
				ASSETCATALOG_COMPILER_APPICON_NAME = AppIcon;
				INFOPLIST_FILE = "ios-two-player-fighter/Info.plist";
				LD_RUNPATH_SEARCH_PATHS = "$(inherited) @executable_path/Frameworks";
				PRODUCT_BUNDLE_IDENTIFIER = "com.adamgoth.ios-two-player-fighter";
				PRODUCT_NAME = "$(TARGET_NAME)";
			};
			name = Debug;
		};
		F9C147131D1DF8E10054F2D1 /* Release */ = {
			isa = XCBuildConfiguration;
			buildSettings = {
				ASSETCATALOG_COMPILER_APPICON_NAME = AppIcon;
				INFOPLIST_FILE = "ios-two-player-fighter/Info.plist";
				LD_RUNPATH_SEARCH_PATHS = "$(inherited) @executable_path/Frameworks";
				PRODUCT_BUNDLE_IDENTIFIER = "com.adamgoth.ios-two-player-fighter";
				PRODUCT_NAME = "$(TARGET_NAME)";
			};
			name = Release;
		};
/* End XCBuildConfiguration section */

/* Begin XCConfigurationList section */
		F9C146FA1D1DF8E00054F2D1 /* Build configuration list for PBXProject "ios-two-player-fighter" */ = {
			isa = XCConfigurationList;
			buildConfigurations = (
				F9C1470F1D1DF8E10054F2D1 /* Debug */,
				F9C147101D1DF8E10054F2D1 /* Release */,
			);
			defaultConfigurationIsVisible = 0;
			defaultConfigurationName = Release;
		};
		F9C147111D1DF8E10054F2D1 /* Build configuration list for PBXNativeTarget "ios-two-player-fighter" */ = {
			isa = XCConfigurationList;
			buildConfigurations = (
				F9C147121D1DF8E10054F2D1 /* Debug */,
				F9C147131D1DF8E10054F2D1 /* Release */,
			);
			defaultConfigurationIsVisible = 0;
		};
/* End XCConfigurationList section */
	};
	rootObject = F9C146F71D1DF8E00054F2D1 /* Project object */;
}
